
Microsoft Visual Studio Solution File, Format Version 12.00
# Visual Studio Version 17
VisualStudioVersion = 17.3.32922.545
MinimumVisualStudioVersion = 10.0.40219.1
Project("{FAE04EC0-301F-11D3-BF4B-00C04F79EFBC}") = "Folders", "Folders\Folders.csproj", "{5AC6CD09-B8A6-4DD2-8D1B-129AC4E356C7}"
EndProject
Global
	GlobalSection(SolutionConfigurationPlatforms) = preSolution
		Debug|Any CPU = Debug|Any CPU
		Release|Any CPU = Release|Any CPU
	EndGlobalSection
	GlobalSection(ProjectConfigurationPlatforms) = postSolution
		{5AC6CD09-B8A6-4DD2-8D1B-129AC4E356C7}.Debug|Any CPU.ActiveCfg = Debug|Any CPU
		{5AC6CD09-B8A6-4DD2-8D1B-129AC4E356C7}.Debug|Any CPU.Build.0 = Debug|Any CPU
		{5AC6CD09-B8A6-4DD2-8D1B-129AC4E356C7}.Release|Any CPU.ActiveCfg = Release|Any CPU
		{5AC6CD09-B8A6-4DD2-8D1B-129AC4E356C7}.Release|Any CPU.Build.0 = Release|Any CPU
	EndGlobalSection
	GlobalSection(SolutionProperties) = preSolution
		HideSolutionNode = FALSE
	EndGlobalSection
	GlobalSection(ExtensibilityGlobals) = postSolution
		SolutionGuid = {13F75EC5-4F85-43A3-9D5C-126CB752AE31}
	EndGlobalSection
EndGlobal
